{
  "name": "wordexcite",
  "version": "1.12.1",
  "lockfileVersion": 3,
  "requires": true,
  "packages": {
    "": {
      "name": "wordexcite",
      "version": "1.12.1",
      "dependencies": {
        "ts-fsrs": "5.4.1"
      },
      "devDependencies": {
        "playwright-core": "^1.62.1"
      }
    },
    "node_modules/playwright-core": {
      "version": "1.62.1",
      "resolved": "https://registry.npmjs.org/playwright-core/-/playwright-core-1.62.1.tgz",
      "integrity": "sha512-wPYSwEBJY9GHraISXqyqtx0na0LpO3XEX7jNDhntbex7tzUS7kLnZsOlFruFJB4Hi/rhDMjXGqHewDZ68nYZVw==",
      "dev": true,
      "license": "Apache-2.0",
      "bin": {
        "playwright-core": "cli.js"
      },
      "engines": {
        "node": ">=20"
      }
    },
    "node_modules/ts-fsrs": {
      "version": "5.4.1",
      "resolved": "https://registry.npmjs.org/ts-fsrs/-/ts-fsrs-5.4.1.tgz",
      "integrity": "sha512-mOp9+oexJexBTkwjg/jQI1aSUQRLIAvbimeKHLSmVdNJPwObugFNKmZkoggH5d6kZ0uaWLboP1Al1DnXAfIb9w==",
      "license": "MIT",
      "engines": {
        "node": ">=20.0.0"
      }
    }
  }
}
